PODS:
  - AGSnapshotHelper (0.0.1):
    - FBSnapshotTestCase/Core (~> 2.0)
    - OCMock (~> 3.2)
  - FBSnapshotTestCase/Core (2.0.7)
  - OCMock (3.2.2)

DEPENDENCIES:
  - AGSnapshotHelper (from `..`)

EXTERNAL SOURCES:
  AGSnapshotHelper:
    :path: ..

SPEC CHECKSUMS:
  AGSnapshotHelper: 74466bc8f92af775085eeced092c45b65a2f5fa3
  FBSnapshotTestCase: 7e85180d0d141a0cf472352edda7e80d7eaeb547
  OCMock: 18c9b7e67d4c2770e95bb77a9cc1ae0c91fe3835

COCOAPODS: 0.39.0
