PODS:
  - AGSnapshotHelper (0.0.1):
    - FBSnapshotTestCase/Core (~> 2.0)
    - OCMock (~> 3.2)
  - FBSnapshotTestCase (2.1.4):
    - FBSnapshotTestCase/SwiftSupport (= 2.1.4)
  - FBSnapshotTestCase/Core (2.1.4)
  - FBSnapshotTestCase/SwiftSupport (2.1.4):
    - FBSnapshotTestCase/Core
  - OCMock (3.4.1)

DEPENDENCIES:
  - AGSnapshotHelper (from `..`)
  - FBSnapshotTestCase

EXTERNAL SOURCES:
  AGSnapshotHelper:
    :path: ..

SPEC CHECKSUMS:
  AGSnapshotHelper: 5e102a001e422401437038947ce6260960a2d8c3
  FBSnapshotTestCase: 094f9f314decbabe373b87cc339bea235a63e07a
  OCMock: 2cd0716969bab32a2283ff3a46fd26a8c8b4c5e3

PODFILE CHECKSUM: f4185fb79ccff9ca8f3ede1b73c26b837875b20f

COCOAPODS: 1.3.1
