PODS:
  - AGSnapshotHelper (0.0.1):
    - FBSnapshotTestCase/Core (~> 2.0)
    - OCMock (~> 3.2)
  - FBSnapshotTestCase/Core (2.0.7)
  - OCMock (3.2.1)

DEPENDENCIES:
  - AGSnapshotHelper (from `../AGSnapshotHelper.podspec`)
  - FBSnapshotTestCase/Core (~> 2.0)
  - OCMock (~> 3.2)

EXTERNAL SOURCES:
  AGSnapshotHelper:
    :path: ../AGSnapshotHelper.podspec

SPEC CHECKSUMS:
  AGSnapshotHelper: 74466bc8f92af775085eeced092c45b65a2f5fa3
  FBSnapshotTestCase: 7e85180d0d141a0cf472352edda7e80d7eaeb547
  OCMock: f9622770761b680e505f893885780d369ae30016

COCOAPODS: 0.39.0
