PODS:
  - AGSnapshotHelper (0.0.1):
    - FBSnapshotTestCase/Core (~> 2.0)
    - OCMock (~> 3.2)
  - FBSnapshotTestCase/Core (2.1.4)
  - OCMock (3.4)

DEPENDENCIES:
  - AGSnapshotHelper (from `../AGSnapshotHelper.podspec`)

EXTERNAL SOURCES:
  AGSnapshotHelper:
    :path: ../AGSnapshotHelper.podspec

SPEC CHECKSUMS:
  AGSnapshotHelper: 5e102a001e422401437038947ce6260960a2d8c3
  FBSnapshotTestCase: 094f9f314decbabe373b87cc339bea235a63e07a
  OCMock: 35ae71d6a8fcc1b59434d561d1520b9dd4f15765

PODFILE CHECKSUM: fae2eb45b9f9ca287850dea3821d964cf9ff6cfa

COCOAPODS: 1.2.0
