// !$*UTF8*$!
{
	archiveVersion = 1;
	classes = {
	};
	objectVersion = 46;
	objects = {

/* Begin PBXBuildFile section */
		2AB667C9DD82734696AE3293 /* libPods-AGSnapshotHelperTests.a in Frameworks */ = {isa = PBXBuildFile; fileRef = 394AE5D97523A05453B9202D /* libPods-AGSnapshotHelperTests.a */; };
		4144A6141D00CC4D009B134D /* AGSampleView.m in Sources */ = {isa = PBXBuildFile; fileRef = 4144A6131D00CC4D009B134D /* AGSampleView.m */; };
		415093CA1C498BD900F17144 /* FBSnapshotTestCase+AGSnapshotHelperTests.m in Sources */ = {isa = PBXBuildFile; fileRef = 41DDC1771C4985250098190D /* FBSnapshotTestCase+AGSnapshotHelperTests.m */; };
		660525BA1C09112000B5BF97 /* main.m in Sources */ = {isa = PBXBuildFile; fileRef = 660525B91C09112000B5BF97 /* main.m */; };
		660525BD1C09112000B5BF97 /* AppDelegate.m in Sources */ = {isa = PBXBuildFile; fileRef = 660525BC1C09112000B5BF97 /* AppDelegate.m */; };
		660525C01C09112000B5BF97 /* ViewController.m in Sources */ = {isa = PBXBuildFile; fileRef = 660525BF1C09112000B5BF97 /* ViewController.m */; };
		660525C31C09112000B5BF97 /* Main.storyboard in Resources */ = {isa = PBXBuildFile; fileRef = 660525C11C09112000B5BF97 /* Main.storyboard */; };
		660525C51C09112000B5BF97 /* Images.xcassets in Resources */ = {isa = PBXBuildFile; fileRef = 660525C41C09112000B5BF97 /* Images.xcassets */; };
		660525C81C09112000B5BF97 /* LaunchScreen.xib in Resources */ = {isa = PBXBuildFile; fileRef = 660525C61C09112000B5BF97 /* LaunchScreen.xib */; };
		665B9D001C0514F7000F292B /* AGPreferredContentSizeCategoryMockerTests.m in Sources */ = {isa = PBXBuildFile; fileRef = 665B9CFF1C0514F7000F292B /* AGPreferredContentSizeCategoryMockerTests.m */; };
		66C7D4CE1C022711001C6546 /* NSString+ContentSizeCategoryTests.m in Sources */ = {isa = PBXBuildFile; fileRef = 66C7D4CD1C022711001C6546 /* NSString+ContentSizeCategoryTests.m */; };
/* End PBXBuildFile section */

/* Begin PBXContainerItemProxy section */
		660525DB1C09113A00B5BF97 /* PBXContainerItemProxy */ = {
			isa = PBXContainerItemProxy;
			containerPortal = 730869E51BF8E1E20033F34A /* Project object */;
			proxyType = 1;
			remoteGlobalIDString = 660525B41C09112000B5BF97;
			remoteInfo = AGSnapshotHelperTestApp;
		};
/* End PBXContainerItemProxy section */

/* Begin PBXFileReference section */
		10CDCDF718D6988DFDCD3997 /* Pods-AGSnapshotHelperTests.release.xcconfig */ = {isa = PBXFileReference; includeInIndex = 1; lastKnownFileType = text.xcconfig; name = "Pods-AGSnapshotHelperTests.release.xcconfig"; path = "Pods/Target Support Files/Pods-AGSnapshotHelperTests/Pods-AGSnapshotHelperTests.release.xcconfig"; sourceTree = "<group>"; };
		394AE5D97523A05453B9202D /* libPods-AGSnapshotHelperTests.a */ = {isa = PBXFileReference; explicitFileType = archive.ar; includeInIndex = 0; path = "libPods-AGSnapshotHelperTests.a"; sourceTree = BUILT_PRODUCTS_DIR; };
		4144A6121D00CC4D009B134D /* AGSampleView.h */ = {isa = PBXFileReference; fileEncoding = 4; lastKnownFileType = sourcecode.c.h; path = AGSampleView.h; sourceTree = "<group>"; };
		4144A6131D00CC4D009B134D /* AGSampleView.m */ = {isa = PBXFileReference; fileEncoding = 4; lastKnownFileType = sourcecode.c.objc; path = AGSampleView.m; sourceTree = "<group>"; };
		41DDC1771C4985250098190D /* FBSnapshotTestCase+AGSnapshotHelperTests.m */ = {isa = PBXFileReference; fileEncoding = 4; lastKnownFileType = sourcecode.c.objc; path = "FBSnapshotTestCase+AGSnapshotHelperTests.m"; sourceTree = "<group>"; };
		660525B51C09112000B5BF97 /* AGSnapshotHelperTestApp.app */ = {isa = PBXFileReference; explicitFileType = wrapper.application; includeInIndex = 0; path = AGSnapshotHelperTestApp.app; sourceTree = BUILT_PRODUCTS_DIR; };
		660525B81C09112000B5BF97 /* Info.plist */ = {isa = PBXFileReference; lastKnownFileType = text.plist.xml; path = Info.plist; sourceTree = "<group>"; };
		660525B91C09112000B5BF97 /* main.m */ = {isa = PBXFileReference; lastKnownFileType = sourcecode.c.objc; path = main.m; sourceTree = "<group>"; };
		660525BB1C09112000B5BF97 /* AppDelegate.h */ = {isa = PBXFileReference; lastKnownFileType = sourcecode.c.h; path = AppDelegate.h; sourceTree = "<group>"; };
		660525BC1C09112000B5BF97 /* AppDelegate.m */ = {isa = PBXFileReference; lastKnownFileType = sourcecode.c.objc; path = AppDelegate.m; sourceTree = "<group>"; };
		660525BE1C09112000B5BF97 /* ViewController.h */ = {isa = PBXFileReference; lastKnownFileType = sourcecode.c.h; path = ViewController.h; sourceTree = "<group>"; };
		660525BF1C09112000B5BF97 /* ViewController.m */ = {isa = PBXFileReference; lastKnownFileType = sourcecode.c.objc; path = ViewController.m; sourceTree = "<group>"; };
		660525C21C09112000B5BF97 /* Base */ = {isa = PBXFileReference; lastKnownFileType = file.storyboard; name = Base; path = Base.lproj/Main.storyboard; sourceTree = "<group>"; };
		660525C41C09112000B5BF97 /* Images.xcassets */ = {isa = PBXFileReference; lastKnownFileType = folder.assetcatalog; path = Images.xcassets; sourceTree = "<group>"; };
		660525C71C09112000B5BF97 /* Base */ = {isa = PBXFileReference; lastKnownFileType = file.xib; name = Base; path = Base.lproj/LaunchScreen.xib; sourceTree = "<group>"; };
		665B9CFF1C0514F7000F292B /* AGPreferredContentSizeCategoryMockerTests.m */ = {isa = PBXFileReference; fileEncoding = 4; lastKnownFileType = sourcecode.c.objc; path = AGPreferredContentSizeCategoryMockerTests.m; sourceTree = "<group>"; };
		66C7D4CD1C022711001C6546 /* NSString+ContentSizeCategoryTests.m */ = {isa = PBXFileReference; fileEncoding = 4; lastKnownFileType = sourcecode.c.objc; path = "NSString+ContentSizeCategoryTests.m"; sourceTree = "<group>"; };
		730869F81BF8E1E20033F34A /* AGSnapshotHelperTests.xctest */ = {isa = PBXFileReference; explicitFileType = wrapper.cfbundle; includeInIndex = 0; path = AGSnapshotHelperTests.xctest; sourceTree = BUILT_PRODUCTS_DIR; };
		730869FF1BF8E1E20033F34A /* Info.plist */ = {isa = PBXFileReference; lastKnownFileType = text.plist.xml; path = Info.plist; sourceTree = "<group>"; };
		8D252BA2622CB50EC0BCE3C1 /* Pods-AGSnapshotHelperTests.debug.xcconfig */ = {isa = PBXFileReference; includeInIndex = 1; lastKnownFileType = text.xcconfig; name = "Pods-AGSnapshotHelperTests.debug.xcconfig"; path = "Pods/Target Support Files/Pods-AGSnapshotHelperTests/Pods-AGSnapshotHelperTests.debug.xcconfig"; sourceTree = "<group>"; };
/* End PBXFileReference section */

/* Begin PBXFrameworksBuildPhase section */
		660525B21C09112000B5BF97 /* Frameworks */ = {
			isa = PBXFrameworksBuildPhase;
			buildActionMask = 2147483647;
			files = (
			);
			runOnlyForDeploymentPostprocessing = 0;
		};
		730869F51BF8E1E20033F34A /* Frameworks */ = {
			isa = PBXFrameworksBuildPhase;
			buildActionMask = 2147483647;
			files = (
				2AB667C9DD82734696AE3293 /* libPods-AGSnapshotHelperTests.a in Frameworks */,
			);
			runOnlyForDeploymentPostprocessing = 0;
		};
/* End PBXFrameworksBuildPhase section */

/* Begin PBXGroup section */
		146181AC1DB7D77D4D37C72F /* Pods */ = {
			isa = PBXGroup;
			children = (
				8D252BA2622CB50EC0BCE3C1 /* Pods-AGSnapshotHelperTests.debug.xcconfig */,
				10CDCDF718D6988DFDCD3997 /* Pods-AGSnapshotHelperTests.release.xcconfig */,
			);
			name = Pods;
			sourceTree = "<group>";
		};
		4F61E30CF0A630D2526319F1 /* Frameworks */ = {
			isa = PBXGroup;
			children = (
				394AE5D97523A05453B9202D /* libPods-AGSnapshotHelperTests.a */,
			);
			name = Frameworks;
			sourceTree = "<group>";
		};
		660525B61C09112000B5BF97 /* AGSnapshotHelperTestApp */ = {
			isa = PBXGroup;
			children = (
				660525BB1C09112000B5BF97 /* AppDelegate.h */,
				660525BC1C09112000B5BF97 /* AppDelegate.m */,
				660525BE1C09112000B5BF97 /* ViewController.h */,
				660525BF1C09112000B5BF97 /* ViewController.m */,
				660525C11C09112000B5BF97 /* Main.storyboard */,
				660525C41C09112000B5BF97 /* Images.xcassets */,
				660525C61C09112000B5BF97 /* LaunchScreen.xib */,
				660525B71C09112000B5BF97 /* Supporting Files */,
			);
			path = AGSnapshotHelperTestApp;
			sourceTree = "<group>";
		};
		660525B71C09112000B5BF97 /* Supporting Files */ = {
			isa = PBXGroup;
			children = (
				660525B81C09112000B5BF97 /* Info.plist */,
				660525B91C09112000B5BF97 /* main.m */,
			);
			name = "Supporting Files";
			sourceTree = "<group>";
		};
		66C7D4CC1C0226F4001C6546 /* Categories */ = {
			isa = PBXGroup;
			children = (
				66C7D4CD1C022711001C6546 /* NSString+ContentSizeCategoryTests.m */,
			);
			path = Categories;
			sourceTree = "<group>";
		};
		730869E41BF8E1E20033F34A = {
			isa = PBXGroup;
			children = (
				660525B61C09112000B5BF97 /* AGSnapshotHelperTestApp */,
				730869FC1BF8E1E20033F34A /* AGSnapshotHelperTests */,
				730869EF1BF8E1E20033F34A /* Products */,
				146181AC1DB7D77D4D37C72F /* Pods */,
				4F61E30CF0A630D2526319F1 /* Frameworks */,
			);
			sourceTree = "<group>";
		};
		730869EF1BF8E1E20033F34A /* Products */ = {
			isa = PBXGroup;
			children = (
				730869F81BF8E1E20033F34A /* AGSnapshotHelperTests.xctest */,
				660525B51C09112000B5BF97 /* AGSnapshotHelperTestApp.app */,
			);
			name = Products;
			sourceTree = "<group>";
		};
		730869FC1BF8E1E20033F34A /* AGSnapshotHelperTests */ = {
			isa = PBXGroup;
			children = (
				66C7D4CC1C0226F4001C6546 /* Categories */,
				665B9CFF1C0514F7000F292B /* AGPreferredContentSizeCategoryMockerTests.m */,
				41DDC1771C4985250098190D /* FBSnapshotTestCase+AGSnapshotHelperTests.m */,
				4144A6121D00CC4D009B134D /* AGSampleView.h */,
				4144A6131D00CC4D009B134D /* AGSampleView.m */,
				730869FF1BF8E1E20033F34A /* Info.plist */,
			);
			path = AGSnapshotHelperTests;
			sourceTree = "<group>";
		};
/* End PBXGroup section */

/* Begin PBXNativeTarget section */
		660525B41C09112000B5BF97 /* AGSnapshotHelperTestApp */ = {
			isa = PBXNativeTarget;
			buildConfigurationList = 660525D91C09112000B5BF97 /* Build configuration list for PBXNativeTarget "AGSnapshotHelperTestApp" */;
			buildPhases = (
				660525B11C09112000B5BF97 /* Sources */,
				660525B21C09112000B5BF97 /* Frameworks */,
				660525B31C09112000B5BF97 /* Resources */,
			);
			buildRules = (
			);
			dependencies = (
			);
			name = AGSnapshotHelperTestApp;
			productName = AGSnapshotHelperTestApp;
			productReference = 660525B51C09112000B5BF97 /* AGSnapshotHelperTestApp.app */;
			productType = "com.apple.product-type.application";
		};
		730869F71BF8E1E20033F34A /* AGSnapshotHelperTests */ = {
			isa = PBXNativeTarget;
			buildConfigurationList = 73086A051BF8E1E20033F34A /* Build configuration list for PBXNativeTarget "AGSnapshotHelperTests" */;
			buildPhases = (
				5CA37B63DA53FCFAAA64A318 /* [CP] Check Pods Manifest.lock */,
				730869F41BF8E1E20033F34A /* Sources */,
				730869F51BF8E1E20033F34A /* Frameworks */,
				730869F61BF8E1E20033F34A /* Resources */,
				8F9C5F77E8E1EBC27A796265 /* [CP] Embed Pods Frameworks */,
				57618399ABC90BCC7B71CD20 /* [CP] Copy Pods Resources */,
			);
			buildRules = (
			);
			dependencies = (
				660525DC1C09113A00B5BF97 /* PBXTargetDependency */,
			);
			name = AGSnapshotHelperTests;
			productName = AGSnapshotHelperTests;
			productReference = 730869F81BF8E1E20033F34A /* AGSnapshotHelperTests.xctest */;
			productType = "com.apple.product-type.bundle.unit-test";
		};
/* End PBXNativeTarget section */

/* Begin PBXProject section */
		730869E51BF8E1E20033F34A /* Project object */ = {
			isa = PBXProject;
			attributes = {
				LastUpgradeCheck = 0830;
				ORGANIZATIONNAME = allegro;
				TargetAttributes = {
					660525B41C09112000B5BF97 = {
						CreatedOnToolsVersion = 6.4;
					};
					730869F71BF8E1E20033F34A = {
						CreatedOnToolsVersion = 7.1.1;
						TestTargetID = 660525B41C09112000B5BF97;
					};
				};
			};
			buildConfigurationList = 730869E81BF8E1E20033F34A /* Build configuration list for PBXProject "AGSnapshotHelper" */;
			compatibilityVersion = "Xcode 3.2";
			developmentRegion = English;
			hasScannedForEncodings = 0;
			knownRegions = (
				en,
				Base,
			);
			mainGroup = 730869E41BF8E1E20033F34A;
			productRefGroup = 730869EF1BF8E1E20033F34A /* Products */;
			projectDirPath = "";
			projectRoot = "";
			targets = (
				730869F71BF8E1E20033F34A /* AGSnapshotHelperTests */,
				660525B41C09112000B5BF97 /* AGSnapshotHelperTestApp */,
			);
		};
/* End PBXProject section */

/* Begin PBXResourcesBuildPhase section */
		660525B31C09112000B5BF97 /* Resources */ = {
			isa = PBXResourcesBuildPhase;
			buildActionMask = 2147483647;
			files = (
				660525C31C09112000B5BF97 /* Main.storyboard in Resources */,
				660525C81C09112000B5BF97 /* LaunchScreen.xib in Resources */,
				660525C51C09112000B5BF97 /* Images.xcassets in Resources */,
			);
			runOnlyForDeploymentPostprocessing = 0;
		};
		730869F61BF8E1E20033F34A /* Resources */ = {
			isa = PBXResourcesBuildPhase;
			buildActionMask = 2147483647;
			files = (
			);
			runOnlyForDeploymentPostprocessing = 0;
		};
/* End PBXResourcesBuildPhase section */

/* Begin PBXShellScriptBuildPhase section */
		57618399ABC90BCC7B71CD20 /* [CP] Copy Pods Resources */ = {
			isa = PBXShellScriptBuildPhase;
			buildActionMask = 2147483647;
			files = (
			);
			inputPaths = (
			);
			name = "[CP] Copy Pods Resources";
			outputPaths = (
			);
			runOnlyForDeploymentPostprocessing = 0;
			shellPath = /bin/sh;
			shellScript = "\"${SRCROOT}/Pods/Target Support Files/Pods-AGSnapshotHelperTests/Pods-AGSnapshotHelperTests-resources.sh\"\n";
			showEnvVarsInLog = 0;
		};
		5CA37B63DA53FCFAAA64A318 /* [CP] Check Pods Manifest.lock */ = {
			isa = PBXShellScriptBuildPhase;
			buildActionMask = 2147483647;
			files = (
			);
			inputPaths = (
				"${PODS_PODFILE_DIR_PATH}/Podfile.lock",
				"${PODS_ROOT}/Manifest.lock",
			);
			name = "[CP] Check Pods Manifest.lock";
			outputPaths = (
				"$(DERIVED_FILE_DIR)/Pods-AGSnapshotHelperTests-checkManifestLockResult.txt",
			);
			runOnlyForDeploymentPostprocessing = 0;
			shellPath = /bin/sh;
			shellScript = "diff \"${PODS_PODFILE_DIR_PATH}/Podfile.lock\" \"${PODS_ROOT}/Manifest.lock\" > /dev/null\nif [ $? != 0 ] ; then\n    # print error to STDERR\n    echo \"error: The sandbox is not in sync with the Podfile.lock. Run 'pod install' or update your CocoaPods installation.\" >&2\n    exit 1\nfi\n# This output is used by Xcode 'outputs' to avoid re-running this script phase.\necho \"SUCCESS\" > \"${SCRIPT_OUTPUT_FILE_0}\"\n";
			showEnvVarsInLog = 0;
		};
		8F9C5F77E8E1EBC27A796265 /* [CP] Embed Pods Frameworks */ = {
			isa = PBXShellScriptBuildPhase;
			buildActionMask = 2147483647;
			files = (
			);
			inputPaths = (
			);
			name = "[CP] Embed Pods Frameworks";
			outputPaths = (
			);
			runOnlyForDeploymentPostprocessing = 0;
			shellPath = /bin/sh;
			shellScript = "\"${SRCROOT}/Pods/Target Support Files/Pods-AGSnapshotHelperTests/Pods-AGSnapshotHelperTests-frameworks.sh\"\n";
			showEnvVarsInLog = 0;
		};
/* End PBXShellScriptBuildPhase section */

/* Begin PBXSourcesBuildPhase section */
		660525B11C09112000B5BF97 /* Sources */ = {
			isa = PBXSourcesBuildPhase;
			buildActionMask = 2147483647;
			files = (
				660525C01C09112000B5BF97 /* ViewController.m in Sources */,
				660525BD1C09112000B5BF97 /* AppDelegate.m in Sources */,
				660525BA1C09112000B5BF97 /* main.m in Sources */,
			);
			runOnlyForDeploymentPostprocessing = 0;
		};
		730869F41BF8E1E20033F34A /* Sources */ = {
			isa = PBXSourcesBuildPhase;
			buildActionMask = 2147483647;
			files = (
				66C7D4CE1C022711001C6546 /* NSString+ContentSizeCategoryTests.m in Sources */,
				415093CA1C498BD900F17144 /* FBSnapshotTestCase+AGSnapshotHelperTests.m in Sources */,
				4144A6141D00CC4D009B134D /* AGSampleView.m in Sources */,
				665B9D001C0514F7000F292B /* AGPreferredContentSizeCategoryMockerTests.m in Sources */,
			);
			runOnlyForDeploymentPostprocessing = 0;
		};
/* End PBXSourcesBuildPhase section */

/* Begin PBXTargetDependency section */
		660525DC1C09113A00B5BF97 /* PBXTargetDependency */ = {
			isa = PBXTargetDependency;
			target = 660525B41C09112000B5BF97 /* AGSnapshotHelperTestApp */;
			targetProxy = 660525DB1C09113A00B5BF97 /* PBXContainerItemProxy */;
		};
/* End PBXTargetDependency section */

/* Begin PBXVariantGroup section */
		660525C11C09112000B5BF97 /* Main.storyboard */ = {
			isa = PBXVariantGroup;
			children = (
				660525C21C09112000B5BF97 /* Base */,
			);
			name = Main.storyboard;
			sourceTree = "<group>";
		};
		660525C61C09112000B5BF97 /* LaunchScreen.xib */ = {
			isa = PBXVariantGroup;
			children = (
				660525C71C09112000B5BF97 /* Base */,
			);
			name = LaunchScreen.xib;
			sourceTree = "<group>";
		};
/* End PBXVariantGroup section */

/* Begin XCBuildConfiguration section */
		660525D51C09112000B5BF97 /* Debug */ = {
			isa = XCBuildConfiguration;
			buildSettings = {
				ASSETCATALOG_COMPILER_APPICON_NAME = AppIcon;
				DEBUG_INFORMATION_FORMAT = "dwarf-with-dsym";
				GCC_PREPROCESSOR_DEFINITIONS = (
					"DEBUG=1",
					"$(inherited)",
				);
				GCC_SYMBOLS_PRIVATE_EXTERN = NO;
				INFOPLIST_FILE = AGSnapshotHelperTestApp/Info.plist;
				LD_RUNPATH_SEARCH_PATHS = "$(inherited) @executable_path/Frameworks";
				PRODUCT_BUNDLE_IDENTIFIER = "com.allegro.$(PRODUCT_NAME:rfc1034identifier)";
				PRODUCT_NAME = "$(TARGET_NAME)";
			};
			name = Debug;
		};
		660525D61C09112000B5BF97 /* Release */ = {
			isa = XCBuildConfiguration;
			buildSettings = {
				ASSETCATALOG_COMPILER_APPICON_NAME = AppIcon;
				INFOPLIST_FILE = AGSnapshotHelperTestApp/Info.plist;
				LD_RUNPATH_SEARCH_PATHS = "$(inherited) @executable_path/Frameworks";
				PRODUCT_BUNDLE_IDENTIFIER = "com.allegro.$(PRODUCT_NAME:rfc1034identifier)";
				PRODUCT_NAME = "$(TARGET_NAME)";
			};
			name = Release;
		};
		73086A001BF8E1E20033F34A /* Debug */ = {
			isa = XCBuildConfiguration;
			buildSettings = {
				ALWAYS_SEARCH_USER_PATHS = NO;
				CLANG_CXX_LANGUAGE_STANDARD = "gnu++0x";
				CLANG_CXX_LIBRARY = "libc++";
				CLANG_ENABLE_MODULES = YES;
				CLANG_ENABLE_OBJC_ARC = YES;
				CLANG_WARN_BOOL_CONVERSION = YES;
				CLANG_WARN_CONSTANT_CONVERSION = YES;
				CLANG_WARN_DIRECT_OBJC_ISA_USAGE = YES_ERROR;
				CLANG_WARN_EMPTY_BODY = YES;
				CLANG_WARN_ENUM_CONVERSION = YES;
				CLANG_WARN_INFINITE_RECURSION = YES;
				CLANG_WARN_INT_CONVERSION = YES;
				CLANG_WARN_OBJC_ROOT_CLASS = YES_ERROR;
				CLANG_WARN_SUSPICIOUS_MOVE = YES;
				CLANG_WARN_UNREACHABLE_CODE = YES;
				CLANG_WARN__DUPLICATE_METHOD_MATCH = YES;
				"CODE_SIGN_IDENTITY[sdk=iphoneos*]" = "iPhone Developer";
				COPY_PHASE_STRIP = NO;
				CURRENT_PROJECT_VERSION = 1;
				DEBUG_INFORMATION_FORMAT = dwarf;
				ENABLE_STRICT_OBJC_MSGSEND = YES;
				ENABLE_TESTABILITY = YES;
				GCC_C_LANGUAGE_STANDARD = gnu99;
				GCC_DYNAMIC_NO_PIC = NO;
				GCC_NO_COMMON_BLOCKS = YES;
				GCC_OPTIMIZATION_LEVEL = 0;
				GCC_PREPROCESSOR_DEFINITIONS = (
					"DEBUG=1",
					"$(inherited)",
				);
				GCC_WARN_64_TO_32_BIT_CONVERSION = YES;
				GCC_WARN_ABOUT_RETURN_TYPE = YES_ERROR;
				GCC_WARN_UNDECLARED_SELECTOR = YES;
				GCC_WARN_UNINITIALIZED_AUTOS = YES_AGGRESSIVE;
				GCC_WARN_UNUSED_FUNCTION = YES;
				GCC_WARN_UNUSED_VARIABLE = YES;
				IPHONEOS_DEPLOYMENT_TARGET = 8.0;
				MTL_ENABLE_DEBUG_INFO = YES;
				ONLY_ACTIVE_ARCH = YES;
				OTHER_CFLAGS = "";
				SDKROOT = iphoneos;
				TARGETED_DEVICE_FAMILY = "1,2";
				VERSIONING_SYSTEM = "apple-generic";
				VERSION_INFO_PREFIX = "";
			};
			name = Debug;
		};
		73086A011BF8E1E20033F34A /* Release */ = {
			isa = XCBuildConfiguration;
			buildSettings = {
				ALWAYS_SEARCH_USER_PATHS = NO;
				CLANG_CXX_LANGUAGE_STANDARD = "gnu++0x";
				CLANG_CXX_LIBRARY = "libc++";
				CLANG_ENABLE_MODULES = YES;
				CLANG_ENABLE_OBJC_ARC = YES;
				CLANG_WARN_BOOL_CONVERSION = YES;
				CLANG_WARN_CONSTANT_CONVERSION = YES;
				CLANG_WARN_DIRECT_OBJC_ISA_USAGE = YES_ERROR;
				CLANG_WARN_EMPTY_BODY = YES;
				CLANG_WARN_ENUM_CONVERSION = YES;
				CLANG_WARN_INFINITE_RECURSION = YES;
				CLANG_WARN_INT_CONVERSION = YES;
				CLANG_WARN_OBJC_ROOT_CLASS = YES_ERROR;
				CLANG_WARN_SUSPICIOUS_MOVE = YES;
				CLANG_WARN_UNREACHABLE_CODE = YES;
				CLANG_WARN__DUPLICATE_METHOD_MATCH = YES;
				"CODE_SIGN_IDENTITY[sdk=iphoneos*]" = "iPhone Developer";
				COPY_PHASE_STRIP = NO;
				CURRENT_PROJECT_VERSION = 1;
				DEBUG_INFORMATION_FORMAT = "dwarf-with-dsym";
				ENABLE_NS_ASSERTIONS = NO;
				ENABLE_STRICT_OBJC_MSGSEND = YES;
				GCC_C_LANGUAGE_STANDARD = gnu99;
				GCC_NO_COMMON_BLOCKS = YES;
				GCC_WARN_64_TO_32_BIT_CONVERSION = YES;
				GCC_WARN_ABOUT_RETURN_TYPE = YES_ERROR;
				GCC_WARN_UNDECLARED_SELECTOR = YES;
				GCC_WARN_UNINITIALIZED_AUTOS = YES_AGGRESSIVE;
				GCC_WARN_UNUSED_FUNCTION = YES;
				GCC_WARN_UNUSED_VARIABLE = YES;
				IPHONEOS_DEPLOYMENT_TARGET = 8.0;
				MTL_ENABLE_DEBUG_INFO = NO;
				OTHER_CFLAGS = "";
				SDKROOT = iphoneos;
				TARGETED_DEVICE_FAMILY = "1,2";
				VALIDATE_PRODUCT = YES;
				VERSIONING_SYSTEM = "apple-generic";
				VERSION_INFO_PREFIX = "";
			};
			name = Release;
		};
		73086A061BF8E1E20033F34A /* Debug */ = {
			isa = XCBuildConfiguration;
			baseConfigurationReference = 8D252BA2622CB50EC0BCE3C1 /* Pods-AGSnapshotHelperTests.debug.xcconfig */;
			buildSettings = {
				INFOPLIST_FILE = AGSnapshotHelperTests/Info.plist;
				LD_RUNPATH_SEARCH_PATHS = "$(inherited) @executable_path/Frameworks @loader_path/Frameworks";
				PRODUCT_BUNDLE_IDENTIFIER = com.allegro.AGSnapshotHelperTests;
				PRODUCT_NAME = "$(TARGET_NAME)";
				TEST_HOST = "$(BUILT_PRODUCTS_DIR)/AGSnapshotHelperTestApp.app/AGSnapshotHelperTestApp";
			};
			name = Debug;
		};
		73086A071BF8E1E20033F34A /* Release */ = {
			isa = XCBuildConfiguration;
			baseConfigurationReference = 10CDCDF718D6988DFDCD3997 /* Pods-AGSnapshotHelperTests.release.xcconfig */;
			buildSettings = {
				INFOPLIST_FILE = AGSnapshotHelperTests/Info.plist;
				LD_RUNPATH_SEARCH_PATHS = "$(inherited) @executable_path/Frameworks @loader_path/Frameworks";
				PRODUCT_BUNDLE_IDENTIFIER = com.allegro.AGSnapshotHelperTests;
				PRODUCT_NAME = "$(TARGET_NAME)";
				TEST_HOST = "$(BUILT_PRODUCTS_DIR)/AGSnapshotHelperTestApp.app/AGSnapshotHelperTestApp";
			};
			name = Release;
		};
/* End XCBuildConfiguration section */

/* Begin XCConfigurationList section */
		660525D91C09112000B5BF97 /* Build configuration list for PBXNativeTarget "AGSnapshotHelperTestApp" */ = {
			isa = XCConfigurationList;
			buildConfigurations = (
				660525D51C09112000B5BF97 /* Debug */,
				660525D61C09112000B5BF97 /* Release */,
			);
			defaultConfigurationIsVisible = 0;
			defaultConfigurationName = Release;
		};
		730869E81BF8E1E20033F34A /* Build configuration list for PBXProject "AGSnapshotHelper" */ = {
			isa = XCConfigurationList;
			buildConfigurations = (
				73086A001BF8E1E20033F34A /* Debug */,
				73086A011BF8E1E20033F34A /* Release */,
			);
			defaultConfigurationIsVisible = 0;
			defaultConfigurationName = Release;
		};
		73086A051BF8E1E20033F34A /* Build configuration list for PBXNativeTarget "AGSnapshotHelperTests" */ = {
			isa = XCConfigurationList;
			buildConfigurations = (
				73086A061BF8E1E20033F34A /* Debug */,
				73086A071BF8E1E20033F34A /* Release */,
			);
			defaultConfigurationIsVisible = 0;
			defaultConfigurationName = Release;
		};
/* End XCConfigurationList section */
	};
	rootObject = 730869E51BF8E1E20033F34A /* Project object */;
}
